dependencies:
- name: etcd
  repository: https://charts.bitnami.com/bitnami
  version: 4.12.0
- name: etcdkeeper
  repository: file://../etcdkeeper/
  version: 0.1.0
- name: dashboard
  repository: file://../apisix-dashboard
  version: 0.1.0
digest: sha256:f4f3e53c7e3a9f14c67086734013161f2020e4792035f3e07e5e97a8b93873a4
generated: "2020-11-09T21:45:28.732715601+08:00"
